{
  "name": "tobago-core",
  "version": "5.0.0-SNAPSHOT",
  "lockfileVersion": 1,
  "requires": true,
  "dependencies": {
    "@trevoreyre/autocomplete-js": {
      "version": "2.2.0",
      "resolved": "https://registry.npmjs.org/@trevoreyre/autocomplete-js/-/autocomplete-js-2.2.0.tgz",
      "integrity": "sha512-emHJWZBPWdB5iDW9MrLSfq3lopyDlIhYXa8ttnCX9kQp1g+G0Lmfu/v6fW2aggjAfsZX8ksuZSG65o+EdwoN0g==",
      "dev": true
    },
    "bootstrap": {
      "version": "5.0.0-beta2",
      "resolved": "https://registry.npmjs.org/bootstrap/-/bootstrap-5.0.0-beta2.tgz",
      "integrity": "sha512-e+uPbPHqTQWKyCX435uVlOmgH9tUt0xtjvyOC7knhKgOS643BrQKuTo+KecGpPV7qlmOyZgCfaM4xxPWtDEN/g==",
      "dev": true
    },
    "vanillajs-datepicker": {
      "version": "1.1.3",
      "resolved": "https://registry.npmjs.org/vanillajs-datepicker/-/vanillajs-datepicker-1.1.3.tgz",
      "integrity": "sha512-7kq80pKGA7yMOV6X3NTA/z2uI3ZvJLXIB0o1PO4Zf9qImBjcCxYsRt0Lbbwu6gs0Abr5Nje5lJerdHrwhzDEJg==",
      "dev": true
    }
  }
}
